
Microsoft Visual Studio Solution File, Format Version 12.00
# Visual Studio 15
VisualStudioVersion = 15.0.28010.2046
MinimumVisualStudioVersion = 10.0.40219.1
Project("{FAE04EC0-301F-11D3-BF4B-00C04F79EFBC}") = "BlogAPI", "BlogAPI\BlogAPI.csproj", "{32377AAB-C0BA-4FBB-A86F-EA784431DDA5}"
EndProject
Global
	GlobalSection(SolutionConfigurationPlatforms) = preSolution
		Debug|Any CPU = Debug|Any CPU
		Release|Any CPU = Release|Any CPU
	EndGlobalSection
	GlobalSection(ProjectConfigurationPlatforms) = postSolution
		{32377AAB-C0BA-4FBB-A86F-EA784431DDA5}.Debug|Any CPU.ActiveCfg = Debug|Any CPU
		{32377AAB-C0BA-4FBB-A86F-EA784431DDA5}.Debug|Any CPU.Build.0 = Debug|Any CPU
		{32377AAB-C0BA-4FBB-A86F-EA784431DDA5}.Release|Any CPU.ActiveCfg = Release|Any CPU
		{32377AAB-C0BA-4FBB-A86F-EA784431DDA5}.Release|Any CPU.Build.0 = Release|Any CPU
	EndGlobalSection
	GlobalSection(SolutionProperties) = preSolution
		HideSolutionNode = FALSE
	EndGlobalSection
	GlobalSection(ExtensibilityGlobals) = postSolution
		SolutionGuid = {0CCC794D-ADDC-4346-9902-AD8680410393}
	EndGlobalSection
EndGlobal
